
Microsoft Visual Studio Solution File, Format Version 12.00
# Visual Studio 2012
Project("{FAE04EC0-301F-11D3-BF4B-00C04F79EFBC}") = "Calculadora", "Calculadora\Calculadora.csproj", "{3804E374-606F-4F73-A905-69E4246EE5A9}"
EndProject
Project("{FAE04EC0-301F-11D3-BF4B-00C04F79EFBC}") = "Calculadora.UITests", "Calculadora.UITests\Calculadora.UITests.csproj", "{8E34BC6F-5FC3-4280-8ACC-6C2EEB3DE28A}"
EndProject
Global
	GlobalSection(SolutionConfigurationPlatforms) = preSolution
		Debug|Any CPU = Debug|Any CPU
		Release|Any CPU = Release|Any CPU
	EndGlobalSection
	GlobalSection(ProjectConfigurationPlatforms) = postSolution
		{3804E374-606F-4F73-A905-69E4246EE5A9}.Debug|Any CPU.ActiveCfg = Debug|Any CPU
		{3804E374-606F-4F73-A905-69E4246EE5A9}.Debug|Any CPU.Build.0 = Debug|Any CPU
		{3804E374-606F-4F73-A905-69E4246EE5A9}.Release|Any CPU.ActiveCfg = Release|Any CPU
		{3804E374-606F-4F73-A905-69E4246EE5A9}.Release|Any CPU.Build.0 = Release|Any CPU
		{8E34BC6F-5FC3-4280-8ACC-6C2EEB3DE28A}.Debug|Any CPU.ActiveCfg = Debug|Any CPU
		{8E34BC6F-5FC3-4280-8ACC-6C2EEB3DE28A}.Debug|Any CPU.Build.0 = Debug|Any CPU
		{8E34BC6F-5FC3-4280-8ACC-6C2EEB3DE28A}.Release|Any CPU.ActiveCfg = Release|Any CPU
		{8E34BC6F-5FC3-4280-8ACC-6C2EEB3DE28A}.Release|Any CPU.Build.0 = Release|Any CPU
	EndGlobalSection
EndGlobal
